<?xml version="1.0" encoding="utf-8"?>
<Project ToolsVersion="4.0" xmlns="http://schemas.microsoft.com/developer/msbuild/2003">
  <ItemGroup>
    <Filter Include="source">
      <UniqueIdentifier>{1b949505-f578-4476-b6b9-ca5f95cb70c7}</UniqueIdentifier>
    </Filter>
    <Filter Include="source\menu">
      <UniqueIdentifier>{8aeb124c-3e19-4fbc-a784-8da64f786603}</UniqueIdentifier>
    </Filter>
    <Filter Include="source\menu\item">
      <UniqueIdentifier>{83dc011a-b48c-43e5-98b8-336387dd31fa}</UniqueIdentifier>
    </Filter>
    <Filter Include="source\input">
      <UniqueIdentifier>{5470673d-59e1-458e-ba13-f1e5e8595afe}</UniqueIdentifier>
    </Filter>
    <Filter Include="source\windows">
      <UniqueIdentifier>{8e2c48e6-59d0-42e3-be14-e7b4266c4e7a}</UniqueIdentifier>
    </Filter>
    <Filter Include="source\json">
      <UniqueIdentifier>{1bc9946e-4caf-42a3-a6b3-277efacb1cb3}</UniqueIdentifier>
    </Filter>
    <Filter Include="source\localization">
      <UniqueIdentifier>{4ddb84b4-b44b-44d9-a00c-b3c11c4bdd3f}</UniqueIdentifier>
    </Filter>
    <Filter Include="source\log">
      <UniqueIdentifier>{c8c9134e-7243-4557-a1d5-517b1bc291e8}</UniqueIdentifier>
    </Filter>
  </ItemGroup>
  <ItemGroup>
    <ClCompile Include="source\Mod.cpp">
      <Filter>source</Filter>
    </ClCompile>
    <ClCompile Include="source\pch.cpp">
      <Filter>source</Filter>
    </ClCompile>
    <ClCompile Include="source\menu\item\ButtonKey.cpp">
      <Filter>source\menu\item</Filter>
    </ClCompile>
    <ClCompile Include="source\menu\item\CheckBox.cpp">
      <Filter>source\menu\item</Filter>
    </ClCompile>
    <ClCompile Include="source\menu\item\Item.cpp">
      <Filter>source\menu\item</Filter>
    </ClCompile>
    <ClCompile Include="source\menu\item\NumberRange.cpp">
      <Filter>source\menu\item</Filter>
    </ClCompile>
    <ClCompile Include="source\menu\item\Options.cpp">
      <Filter>source\menu\item</Filter>
    </ClCompile>
    <ClCompile Include="source\menu\Menu.cpp">
      <Filter>source\menu</Filter>
    </ClCompile>
    <ClCompile Include="source\menu\PositionEditor.cpp">
      <Filter>source\menu</Filter>
    </ClCompile>
    <ClCompile Include="source\menu\TextEditor.cpp">
      <Filter>source\menu</Filter>
    </ClCompile>
    <ClCompile Include="source\menu\Window.cpp">
      <Filter>source\menu</Filter>
    </ClCompile>
    <ClCompile Include="source\input\Input.cpp">
      <Filter>source\input</Filter>
    </ClCompile>
    <ClCompile Include="source\Vehicles.cpp">
      <Filter>source</Filter>
    </ClCompile>
    <ClCompile Include="source\Vehicle.cpp">
      <Filter>source</Filter>
    </ClCompile>
    <ClCompile Include="source\Patterns.cpp">
      <Filter>source</Filter>
    </ClCompile>
    <ClCompile Include="source\VehicleDummy.cpp">
      <Filter>source</Filter>
    </ClCompile>
    <ClCompile Include="source\LightGroups.cpp">
      <Filter>source</Filter>
    </ClCompile>
    <ClCompile Include="source\windows\WindowMain.cpp">
      <Filter>source\windows</Filter>
    </ClCompile>
    <ClCompile Include="source\windows\WindowLightGroup.cpp">
      <Filter>source\windows</Filter>
    </ClCompile>
    <ClCompile Include="source\windows\WindowPoint.cpp">
      <Filter>source\windows</Filter>
    </ClCompile>
    <ClCompile Include="source\windows\WindowSelectPattern.cpp">
      <Filter>source\windows</Filter>
    </ClCompile>
    <ClCompile Include="source\Config.cpp">
      <Filter>source</Filter>
    </ClCompile>
    <ClCompile Include="..\include\json_reader.cpp">
      <Filter>source\json</Filter>
    </ClCompile>
    <ClCompile Include="..\include\json_value.cpp">
      <Filter>source\json</Filter>
    </ClCompile>
    <ClCompile Include="..\include\json_writer.cpp">
      <Filter>source\json</Filter>
    </ClCompile>
    <ClCompile Include="source\localization\Localization.cpp">
      <Filter>source\localization</Filter>
    </ClCompile>
    <ClCompile Include="source\windows\WindowSettings.cpp">
      <Filter>source\windows</Filter>
    </ClCompile>
    <ClCompile Include="source\log\Log.cpp">
      <Filter>source\log</Filter>
    </ClCompile>
    <ClCompile Include="source\TestHelper.cpp">
      <Filter>source</Filter>
    </ClCompile>
    <ClCompile Include="source\LightGroupShadow.cpp">
      <Filter>source</Filter>
    </ClCompile>
    <ClCompile Include="source\windows\WindowShadow.cpp">
      <Filter>source\windows</Filter>
    </ClCompile>
    <ClCompile Include="source\windows\WindowRotateObject.cpp">
      <Filter>source\windows</Filter>
    </ClCompile>
    <ClCompile Include="source\Keybinds.cpp">
      <Filter>source</Filter>
    </ClCompile>
  </ItemGroup>
  <ItemGroup>
    <ClInclude Include="source\Mod.h">
      <Filter>source</Filter>
    </ClInclude>
    <ClInclude Include="source\pch.h">
      <Filter>source</Filter>
    </ClInclude>
    <ClInclude Include="source\menu\item\ButtonKey.h">
      <Filter>source\menu\item</Filter>
    </ClInclude>
    <ClInclude Include="source\menu\item\CheckBox.h">
      <Filter>source\menu\item</Filter>
    </ClInclude>
    <ClInclude Include="source\menu\item\Item.h">
      <Filter>source\menu\item</Filter>
    </ClInclude>
    <ClInclude Include="source\menu\item\NumberRange.h">
      <Filter>source\menu\item</Filter>
    </ClInclude>
    <ClInclude Include="source\menu\item\Options.h">
      <Filter>source\menu\item</Filter>
    </ClInclude>
    <ClInclude Include="source\menu\Menu.h">
      <Filter>source\menu</Filter>
    </ClInclude>
    <ClInclude Include="source\menu\PositionEditor.h">
      <Filter>source\menu</Filter>
    </ClInclude>
    <ClInclude Include="source\menu\TextEditor.h">
      <Filter>source\menu</Filter>
    </ClInclude>
    <ClInclude Include="source\menu\Window.h">
      <Filter>source\menu</Filter>
    </ClInclude>
    <ClInclude Include="source\input\Input.h">
      <Filter>source\input</Filter>
    </ClInclude>
    <ClInclude Include="source\windows\WindowMain.h">
      <Filter>source\windows</Filter>
    </ClInclude>
    <ClInclude Include="source\windows\WindowTest.h">
      <Filter>source\windows</Filter>
    </ClInclude>
    <ClInclude Include="source\Vehicles.h">
      <Filter>source</Filter>
    </ClInclude>
    <ClInclude Include="source\Vehicle.h">
      <Filter>source</Filter>
    </ClInclude>
    <ClInclude Include="source\PatternLoop.h">
      <Filter>source</Filter>
    </ClInclude>
    <ClInclude Include="source\Pattern.h">
      <Filter>source</Filter>
    </ClInclude>
    <ClInclude Include="source\Patterns.h">
      <Filter>source</Filter>
    </ClInclude>
    <ClInclude Include="source\VehicleDummy.h">
      <Filter>source</Filter>
    </ClInclude>
    <ClInclude Include="source\LightGroup.h">
      <Filter>source</Filter>
    </ClInclude>
    <ClInclude Include="source\LightGroups.h">
      <Filter>source</Filter>
    </ClInclude>
    <ClInclude Include="source\windows\WindowLightGroup.h">
      <Filter>source\windows</Filter>
    </ClInclude>
    <ClInclude Include="source\windows\WindowPoint.h">
      <Filter>source\windows</Filter>
    </ClInclude>
    <ClInclude Include="source\windows\WindowSelectPattern.h">
      <Filter>source\windows</Filter>
    </ClInclude>
    <ClInclude Include="source\Config.h">
      <Filter>source</Filter>
    </ClInclude>
    <ClInclude Include="..\include\json_tool.h">
      <Filter>source\json</Filter>
    </ClInclude>
    <ClInclude Include="source\Point.h">
      <Filter>source</Filter>
    </ClInclude>
    <ClInclude Include="source\localization\Localization.h">
      <Filter>source\localization</Filter>
    </ClInclude>
    <ClInclude Include="source\windows\WindowSettings.h">
      <Filter>source\windows</Filter>
    </ClInclude>
    <ClInclude Include="source\log\Log.h">
      <Filter>source\log</Filter>
    </ClInclude>
    <ClInclude Include="source\TestHelper.h">
      <Filter>source</Filter>
    </ClInclude>
    <ClInclude Include="source\LightGroupShadow.h">
      <Filter>source</Filter>
    </ClInclude>
    <ClInclude Include="source\windows\WindowShadow.h">
      <Filter>source\windows</Filter>
    </ClInclude>
    <ClInclude Include="source\Keybind.h">
      <Filter>source</Filter>
    </ClInclude>
    <ClInclude Include="source\LightGroupRotateObject.h">
      <Filter>source</Filter>
    </ClInclude>
    <ClInclude Include="source\windows\WindowRotateObject.h">
      <Filter>source\windows</Filter>
    </ClInclude>
    <ClInclude Include="source\Keybinds.h">
      <Filter>source</Filter>
    </ClInclude>
    <ClInclude Include="source\VehiclePatternData.h">
      <Filter>source</Filter>
    </ClInclude>
  </ItemGroup>
  <ItemGroup>
    <None Include="..\include\json_valueiterator.inl">
      <Filter>source\json</Filter>
    </None>
  </ItemGroup>
</Project>